
Microsoft Visual Studio Solution File, Format Version 12.00
# Visual Studio Version 17
VisualStudioVersion = 17.3.32811.315
MinimumVisualStudioVersion = 10.0.40219.1
Project("{8BC9CEB8-8B4A-11D0-8D11-00A0C91BC942}") = "E1", "Project1\Project1.vcxproj", "{77C818D1-A367-4532-B6A5-252D68EC4D2F}"
EndProject
Project("{8BC9CEB8-8B4A-11D0-8D11-00A0C91BC942}") = "E2", "E2\E2.vcxproj", "{EC0E68AA-4C1C-4F35-A228-BB0587A60681}"
EndProject
Project("{8BC9CEB8-8B4A-11D0-8D11-00A0C91BC942}") = "E3", "E3\E3.vcxproj", "{EFAC6D48-0338-45F0-978B-E40671BF00DF}"
EndProject
Project("{8BC9CEB8-8B4A-11D0-8D11-00A0C91BC942}") = "E4", "E4\E4.vcxproj", "{24121AF2-10A9-4D06-A2B6-C483080990F4}"
EndProject
Project("{8BC9CEB8-8B4A-11D0-8D11-00A0C91BC942}") = "E5", "E5\E5.vcxproj", "{BFE4F926-5141-4379-8992-4CAFC913835A}"
EndProject
Project("{8BC9CEB8-8B4A-11D0-8D11-00A0C91BC942}") = "E6", "E6\E6.vcxproj", "{59256577-15C5-4F6C-A948-25D9AB6DCBE6}"
EndProject
Project("{8BC9CEB8-8B4A-11D0-8D11-00A0C91BC942}") = "E7", "E7\E7.vcxproj", "{452736D6-CF19-4CE1-AF05-BEF56E05C4DF}"
EndProject
Project("{8BC9CEB8-8B4A-11D0-8D11-00A0C91BC942}") = "S2E1", "S2E1\S2E1.vcxproj", "{C001EA03-CF72-45E4-8928-42CFEC2CC187}"
EndProject
Project("{8BC9CEB8-8B4A-11D0-8D11-00A0C91BC942}") = "S2E2", "S2E2\S2E2.vcxproj", "{D79D454B-1750-4C0B-A44B-6D427C58AABD}"
EndProject
Project("{8BC9CEB8-8B4A-11D0-8D11-00A0C91BC942}") = "S2E3", "S2E3\S2E3.vcxproj", "{41093527-5C87-4463-A773-2629F3311036}"
EndProject
Project("{8BC9CEB8-8B4A-11D0-8D11-00A0C91BC942}") = "S2E4", "S2E4\S2E4.vcxproj", "{9D22165C-A3BC-4AA0-88D8-3C59200B0CCE}"
EndProject
Project("{8BC9CEB8-8B4A-11D0-8D11-00A0C91BC942}") = "S2E5", "S2E5\S2E5.vcxproj", "{4C17B0E6-AE88-494C-9181-3BDE47343636}"
EndProject
Project("{8BC9CEB8-8B4A-11D0-8D11-00A0C91BC942}") = "S2E10", "S2E10\S2E10.vcxproj", "{28C7AA33-4C8E-4799-BB26-18FB871B0FD8}"
EndProject
Global
	GlobalSection(SolutionConfigurationPlatforms) = preSolution
		Debug|x64 = Debug|x64
		Debug|x86 = Debug|x86
		Release|x64 = Release|x64
		Release|x86 = Release|x86
	EndGlobalSection
	GlobalSection(ProjectConfigurationPlatforms) = postSolution
		{77C818D1-A367-4532-B6A5-252D68EC4D2F}.Debug|x64.ActiveCfg = Debug|x64
		{77C818D1-A367-4532-B6A5-252D68EC4D2F}.Debug|x64.Build.0 = Debug|x64
		{77C818D1-A367-4532-B6A5-252D68EC4D2F}.Debug|x86.ActiveCfg = Debug|Win32
		{77C818D1-A367-4532-B6A5-252D68EC4D2F}.Debug|x86.Build.0 = Debug|Win32
		{77C818D1-A367-4532-B6A5-252D68EC4D2F}.Release|x64.ActiveCfg = Release|x64
		{77C818D1-A367-4532-B6A5-252D68EC4D2F}.Release|x64.Build.0 = Release|x64
		{77C818D1-A367-4532-B6A5-252D68EC4D2F}.Release|x86.ActiveCfg = Release|Win32
		{77C818D1-A367-4532-B6A5-252D68EC4D2F}.Release|x86.Build.0 = Release|Win32
		{EC0E68AA-4C1C-4F35-A228-BB0587A60681}.Debug|x64.ActiveCfg = Debug|x64
		{EC0E68AA-4C1C-4F35-A228-BB0587A60681}.Debug|x64.Build.0 = Debug|x64
		{EC0E68AA-4C1C-4F35-A228-BB0587A60681}.Debug|x86.ActiveCfg = Debug|Win32
		{EC0E68AA-4C1C-4F35-A228-BB0587A60681}.Debug|x86.Build.0 = Debug|Win32
		{EC0E68AA-4C1C-4F35-A228-BB0587A60681}.Release|x64.ActiveCfg = Release|x64
		{EC0E68AA-4C1C-4F35-A228-BB0587A60681}.Release|x64.Build.0 = Release|x64
		{EC0E68AA-4C1C-4F35-A228-BB0587A60681}.Release|x86.ActiveCfg = Release|Win32
		{EC0E68AA-4C1C-4F35-A228-BB0587A60681}.Release|x86.Build.0 = Release|Win32
		{EFAC6D48-0338-45F0-978B-E40671BF00DF}.Debug|x64.ActiveCfg = Debug|x64
		{EFAC6D48-0338-45F0-978B-E40671BF00DF}.Debug|x64.Build.0 = Debug|x64
		{EFAC6D48-0338-45F0-978B-E40671BF00DF}.Debug|x86.ActiveCfg = Debug|Win32
		{EFAC6D48-0338-45F0-978B-E40671BF00DF}.Debug|x86.Build.0 = Debug|Win32
		{EFAC6D48-0338-45F0-978B-E40671BF00DF}.Release|x64.ActiveCfg = Release|x64
		{EFAC6D48-0338-45F0-978B-E40671BF00DF}.Release|x64.Build.0 = Release|x64
		{EFAC6D48-0338-45F0-978B-E40671BF00DF}.Release|x86.ActiveCfg = Release|Win32
		{EFAC6D48-0338-45F0-978B-E40671BF00DF}.Release|x86.Build.0 = Release|Win32
		{24121AF2-10A9-4D06-A2B6-C483080990F4}.Debug|x64.ActiveCfg = Debug|x64
		{24121AF2-10A9-4D06-A2B6-C483080990F4}.Debug|x64.Build.0 = Debug|x64
		{24121AF2-10A9-4D06-A2B6-C483080990F4}.Debug|x86.ActiveCfg = Debug|Win32
		{24121AF2-10A9-4D06-A2B6-C483080990F4}.Debug|x86.Build.0 = Debug|Win32
		{24121AF2-10A9-4D06-A2B6-C483080990F4}.Release|x64.ActiveCfg = Release|x64
		{24121AF2-10A9-4D06-A2B6-C483080990F4}.Release|x64.Build.0 = Release|x64
		{24121AF2-10A9-4D06-A2B6-C483080990F4}.Release|x86.ActiveCfg = Release|Win32
		{24121AF2-10A9-4D06-A2B6-C483080990F4}.Release|x86.Build.0 = Release|Win32
		{BFE4F926-5141-4379-8992-4CAFC913835A}.Debug|x64.ActiveCfg = Debug|x64
		{BFE4F926-5141-4379-8992-4CAFC913835A}.Debug|x64.Build.0 = Debug|x64
		{BFE4F926-5141-4379-8992-4CAFC913835A}.Debug|x86.ActiveCfg = Debug|Win32
		{BFE4F926-5141-4379-8992-4CAFC913835A}.Debug|x86.Build.0 = Debug|Win32
		{BFE4F926-5141-4379-8992-4CAFC913835A}.Release|x64.ActiveCfg = Release|x64
		{BFE4F926-5141-4379-8992-4CAFC913835A}.Release|x64.Build.0 = Release|x64
		{BFE4F926-5141-4379-8992-4CAFC913835A}.Release|x86.ActiveCfg = Release|Win32
		{BFE4F926-5141-4379-8992-4CAFC913835A}.Release|x86.Build.0 = Release|Win32
		{59256577-15C5-4F6C-A948-25D9AB6DCBE6}.Debug|x64.ActiveCfg = Debug|x64
		{59256577-15C5-4F6C-A948-25D9AB6DCBE6}.Debug|x64.Build.0 = Debug|x64
		{59256577-15C5-4F6C-A948-25D9AB6DCBE6}.Debug|x86.ActiveCfg = Debug|Win32
		{59256577-15C5-4F6C-A948-25D9AB6DCBE6}.Debug|x86.Build.0 = Debug|Win32
		{59256577-15C5-4F6C-A948-25D9AB6DCBE6}.Release|x64.ActiveCfg = Release|x64
		{59256577-15C5-4F6C-A948-25D9AB6DCBE6}.Release|x64.Build.0 = Release|x64
		{59256577-15C5-4F6C-A948-25D9AB6DCBE6}.Release|x86.ActiveCfg = Release|Win32
		{59256577-15C5-4F6C-A948-25D9AB6DCBE6}.Release|x86.Build.0 = Release|Win32
		{452736D6-CF19-4CE1-AF05-BEF56E05C4DF}.Debug|x64.ActiveCfg = Debug|x64
		{452736D6-CF19-4CE1-AF05-BEF56E05C4DF}.Debug|x64.Build.0 = Debug|x64
		{452736D6-CF19-4CE1-AF05-BEF56E05C4DF}.Debug|x86.ActiveCfg = Debug|Win32
		{452736D6-CF19-4CE1-AF05-BEF56E05C4DF}.Debug|x86.Build.0 = Debug|Win32
		{452736D6-CF19-4CE1-AF05-BEF56E05C4DF}.Release|x64.ActiveCfg = Release|x64
		{452736D6-CF19-4CE1-AF05-BEF56E05C4DF}.Release|x64.Build.0 = Release|x64
		{452736D6-CF19-4CE1-AF05-BEF56E05C4DF}.Release|x86.ActiveCfg = Release|Win32
		{452736D6-CF19-4CE1-AF05-BEF56E05C4DF}.Release|x86.Build.0 = Release|Win32
		{C001EA03-CF72-45E4-8928-42CFEC2CC187}.Debug|x64.ActiveCfg = Debug|x64
		{C001EA03-CF72-45E4-8928-42CFEC2CC187}.Debug|x64.Build.0 = Debug|x64
		{C001EA03-CF72-45E4-8928-42CFEC2CC187}.Debug|x86.ActiveCfg = Debug|Win32
		{C001EA03-CF72-45E4-8928-42CFEC2CC187}.Debug|x86.Build.0 = Debug|Win32
		{C001EA03-CF72-45E4-8928-42CFEC2CC187}.Release|x64.ActiveCfg = Release|x64
		{C001EA03-CF72-45E4-8928-42CFEC2CC187}.Release|x64.Build.0 = Release|x64
		{C001EA03-CF72-45E4-8928-42CFEC2CC187}.Release|x86.ActiveCfg = Release|Win32
		{C001EA03-CF72-45E4-8928-42CFEC2CC187}.Release|x86.Build.0 = Release|Win32
		{D79D454B-1750-4C0B-A44B-6D427C58AABD}.Debug|x64.ActiveCfg = Debug|x64
		{D79D454B-1750-4C0B-A44B-6D427C58AABD}.Debug|x64.Build.0 = Debug|x64
		{D79D454B-1750-4C0B-A44B-6D427C58AABD}.Debug|x86.ActiveCfg = Debug|Win32
		{D79D454B-1750-4C0B-A44B-6D427C58AABD}.Debug|x86.Build.0 = Debug|Win32
		{D79D454B-1750-4C0B-A44B-6D427C58AABD}.Release|x64.ActiveCfg = Release|x64
		{D79D454B-1750-4C0B-A44B-6D427C58AABD}.Release|x64.Build.0 = Release|x64
		{D79D454B-1750-4C0B-A44B-6D427C58AABD}.Release|x86.ActiveCfg = Release|Win32
		{D79D454B-1750-4C0B-A44B-6D427C58AABD}.Release|x86.Build.0 = Release|Win32
		{41093527-5C87-4463-A773-2629F3311036}.Debug|x64.ActiveCfg = Debug|x64
		{41093527-5C87-4463-A773-2629F3311036}.Debug|x64.Build.0 = Debug|x64
		{41093527-5C87-4463-A773-2629F3311036}.Debug|x86.ActiveCfg = Debug|Win32
		{41093527-5C87-4463-A773-2629F3311036}.Debug|x86.Build.0 = Debug|Win32
		{41093527-5C87-4463-A773-2629F3311036}.Release|x64.ActiveCfg = Release|x64
		{41093527-5C87-4463-A773-2629F3311036}.Release|x64.Build.0 = Release|x64
		{41093527-5C87-4463-A773-2629F3311036}.Release|x86.ActiveCfg = Release|Win32
		{41093527-5C87-4463-A773-2629F3311036}.Release|x86.Build.0 = Release|Win32
		{9D22165C-A3BC-4AA0-88D8-3C59200B0CCE}.Debug|x64.ActiveCfg = Debug|x64
		{9D22165C-A3BC-4AA0-88D8-3C59200B0CCE}.Debug|x64.Build.0 = Debug|x64
		{9D22165C-A3BC-4AA0-88D8-3C59200B0CCE}.Debug|x86.ActiveCfg = Debug|Win32
		{9D22165C-A3BC-4AA0-88D8-3C59200B0CCE}.Debug|x86.Build.0 = Debug|Win32
		{9D22165C-A3BC-4AA0-88D8-3C59200B0CCE}.Release|x64.ActiveCfg = Release|x64
		{9D22165C-A3BC-4AA0-88D8-3C59200B0CCE}.Release|x64.Build.0 = Release|x64
		{9D22165C-A3BC-4AA0-88D8-3C59200B0CCE}.Release|x86.ActiveCfg = Release|Win32
		{9D22165C-A3BC-4AA0-88D8-3C59200B0CCE}.Release|x86.Build.0 = Release|Win32
		{4C17B0E6-AE88-494C-9181-3BDE47343636}.Debug|x64.ActiveCfg = Debug|x64
		{4C17B0E6-AE88-494C-9181-3BDE47343636}.Debug|x64.Build.0 = Debug|x64
		{4C17B0E6-AE88-494C-9181-3BDE47343636}.Debug|x86.ActiveCfg = Debug|Win32
		{4C17B0E6-AE88-494C-9181-3BDE47343636}.Debug|x86.Build.0 = Debug|Win32
		{4C17B0E6-AE88-494C-9181-3BDE47343636}.Release|x64.ActiveCfg = Release|x64
		{4C17B0E6-AE88-494C-9181-3BDE47343636}.Release|x64.Build.0 = Release|x64
		{4C17B0E6-AE88-494C-9181-3BDE47343636}.Release|x86.ActiveCfg = Release|Win32
		{4C17B0E6-AE88-494C-9181-3BDE47343636}.Release|x86.Build.0 = Release|Win32
		{28C7AA33-4C8E-4799-BB26-18FB871B0FD8}.Debug|x64.ActiveCfg = Debug|x64
		{28C7AA33-4C8E-4799-BB26-18FB871B0FD8}.Debug|x64.Build.0 = Debug|x64
		{28C7AA33-4C8E-4799-BB26-18FB871B0FD8}.Debug|x86.ActiveCfg = Debug|Win32
		{28C7AA33-4C8E-4799-BB26-18FB871B0FD8}.Debug|x86.Build.0 = Debug|Win32
		{28C7AA33-4C8E-4799-BB26-18FB871B0FD8}.Release|x64.ActiveCfg = Release|x64
		{28C7AA33-4C8E-4799-BB26-18FB871B0FD8}.Release|x64.Build.0 = Release|x64
		{28C7AA33-4C8E-4799-BB26-18FB871B0FD8}.Release|x86.ActiveCfg = Release|Win32
		{28C7AA33-4C8E-4799-BB26-18FB871B0FD8}.Release|x86.Build.0 = Release|Win32
	EndGlobalSection
	GlobalSection(SolutionProperties) = preSolution
		HideSolutionNode = FALSE
	EndGlobalSection
	GlobalSection(ExtensibilityGlobals) = postSolution
		SolutionGuid = {76331B20-3D38-4C10-A951-1A8342658643}
	EndGlobalSection
EndGlobal
